
Microsoft Visual Studio Solution File, Format Version 12.00
Project("{FAE04EC0-301F-11D3-BF4B-00C04F79EFBC}") = "TestApp", "TestApp\TestApp.csproj", "{8D952F90-C2D2-4FC5-9A1D-6A6C5EA03C6D}"
EndProject
Project("{FAE04EC0-301F-11D3-BF4B-00C04F79EFBC}") = "Framework", "Framework\Framework.csproj", "{7376404B-2847-4F5A-8480-4B7BD209C3A1}"
EndProject
Project("{FAE04EC0-301F-11D3-BF4B-00C04F79EFBC}") = "Ports", "Ports\Ports.csproj", "{C91DF2B4-2A34-401C-893F-4E68A53BFDE4}"
EndProject
Project("{FAE04EC0-301F-11D3-BF4B-00C04F79EFBC}") = "Domain", "Domain\Domain.csproj", "{109248CB-75C8-4EC6-AC81-C16F0B9510B6}"
EndProject
Project("{2150E333-8FDC-42A3-9474-1A3956D46DE8}") = "Adapters", "Adapters", "{B8433EEF-29BA-4D5D-AE92-A2F8DBDF887E}"
EndProject
Project("{FAE04EC0-301F-11D3-BF4B-00C04F79EFBC}") = "SimulatorAdapter", "Adapters\SimulatorAdapter\SimulatorAdapter.csproj", "{6A9440FB-DEA0-42E3-BED7-E10B45D0D767}"
EndProject
Project("{2150E333-8FDC-42A3-9474-1A3956D46DE8}") = "TestApps", "TestApps", "{AC0DBB60-24B8-42B2-813C-AB6EA0F07514}"
EndProject
Project("{FAE04EC0-301F-11D3-BF4B-00C04F79EFBC}") = "InputPinChangeSourceTestApp", "TestApps\InputPinChangeSourceTestApp\InputPinChangeSourceTestApp.csproj", "{6A8928FA-CE00-4107-A612-9E0C684D098B}"
EndProject
Project("{FAE04EC0-301F-11D3-BF4B-00C04F79EFBC}") = "LiteQueueAdapter", "Adapters\LiteQueueAdapter\LiteQueueAdapter.csproj", "{294DD115-4314-4375-8466-6D15C5405B93}"
EndProject
Project("{FAE04EC0-301F-11D3-BF4B-00C04F79EFBC}") = "PinSnapshotQueueProducerTestApp", "TestApps\PinSnapshotQueueProducerTestApp\PinSnapshotQueueProducerTestApp.csproj", "{87D715EF-662D-4EC5-8155-C9899CB9E9D9}"
EndProject
Project("{FAE04EC0-301F-11D3-BF4B-00C04F79EFBC}") = "PinSnapshotQueueConsumerTestApp", "TestApps\PinSnapshotQueueConsumerTestApp\PinSnapshotQueueConsumerTestApp.csproj", "{D096B359-061E-4F1C-B5EE-7AD92F3E5DFF}"
EndProject
Global
	GlobalSection(SolutionConfigurationPlatforms) = preSolution
		Debug|Any CPU = Debug|Any CPU
		Release|Any CPU = Release|Any CPU
	EndGlobalSection
	GlobalSection(ProjectConfigurationPlatforms) = postSolution
		{8D952F90-C2D2-4FC5-9A1D-6A6C5EA03C6D}.Debug|Any CPU.ActiveCfg = Debug|Any CPU
		{8D952F90-C2D2-4FC5-9A1D-6A6C5EA03C6D}.Debug|Any CPU.Build.0 = Debug|Any CPU
		{8D952F90-C2D2-4FC5-9A1D-6A6C5EA03C6D}.Release|Any CPU.ActiveCfg = Release|Any CPU
		{8D952F90-C2D2-4FC5-9A1D-6A6C5EA03C6D}.Release|Any CPU.Build.0 = Release|Any CPU
		{7376404B-2847-4F5A-8480-4B7BD209C3A1}.Debug|Any CPU.ActiveCfg = Debug|Any CPU
		{7376404B-2847-4F5A-8480-4B7BD209C3A1}.Debug|Any CPU.Build.0 = Debug|Any CPU
		{7376404B-2847-4F5A-8480-4B7BD209C3A1}.Release|Any CPU.ActiveCfg = Release|Any CPU
		{7376404B-2847-4F5A-8480-4B7BD209C3A1}.Release|Any CPU.Build.0 = Release|Any CPU
		{C91DF2B4-2A34-401C-893F-4E68A53BFDE4}.Debug|Any CPU.ActiveCfg = Debug|Any CPU
		{C91DF2B4-2A34-401C-893F-4E68A53BFDE4}.Debug|Any CPU.Build.0 = Debug|Any CPU
		{C91DF2B4-2A34-401C-893F-4E68A53BFDE4}.Release|Any CPU.ActiveCfg = Release|Any CPU
		{C91DF2B4-2A34-401C-893F-4E68A53BFDE4}.Release|Any CPU.Build.0 = Release|Any CPU
		{109248CB-75C8-4EC6-AC81-C16F0B9510B6}.Debug|Any CPU.ActiveCfg = Debug|Any CPU
		{109248CB-75C8-4EC6-AC81-C16F0B9510B6}.Debug|Any CPU.Build.0 = Debug|Any CPU
		{109248CB-75C8-4EC6-AC81-C16F0B9510B6}.Release|Any CPU.ActiveCfg = Release|Any CPU
		{109248CB-75C8-4EC6-AC81-C16F0B9510B6}.Release|Any CPU.Build.0 = Release|Any CPU
		{6A9440FB-DEA0-42E3-BED7-E10B45D0D767}.Debug|Any CPU.ActiveCfg = Debug|Any CPU
		{6A9440FB-DEA0-42E3-BED7-E10B45D0D767}.Debug|Any CPU.Build.0 = Debug|Any CPU
		{6A9440FB-DEA0-42E3-BED7-E10B45D0D767}.Release|Any CPU.ActiveCfg = Release|Any CPU
		{6A9440FB-DEA0-42E3-BED7-E10B45D0D767}.Release|Any CPU.Build.0 = Release|Any CPU
		{6A8928FA-CE00-4107-A612-9E0C684D098B}.Debug|Any CPU.ActiveCfg = Debug|Any CPU
		{6A8928FA-CE00-4107-A612-9E0C684D098B}.Debug|Any CPU.Build.0 = Debug|Any CPU
		{6A8928FA-CE00-4107-A612-9E0C684D098B}.Release|Any CPU.ActiveCfg = Release|Any CPU
		{6A8928FA-CE00-4107-A612-9E0C684D098B}.Release|Any CPU.Build.0 = Release|Any CPU
		{294DD115-4314-4375-8466-6D15C5405B93}.Debug|Any CPU.ActiveCfg = Debug|Any CPU
		{294DD115-4314-4375-8466-6D15C5405B93}.Debug|Any CPU.Build.0 = Debug|Any CPU
		{294DD115-4314-4375-8466-6D15C5405B93}.Release|Any CPU.ActiveCfg = Release|Any CPU
		{294DD115-4314-4375-8466-6D15C5405B93}.Release|Any CPU.Build.0 = Release|Any CPU
		{87D715EF-662D-4EC5-8155-C9899CB9E9D9}.Debug|Any CPU.ActiveCfg = Debug|Any CPU
		{87D715EF-662D-4EC5-8155-C9899CB9E9D9}.Debug|Any CPU.Build.0 = Debug|Any CPU
		{87D715EF-662D-4EC5-8155-C9899CB9E9D9}.Release|Any CPU.ActiveCfg = Release|Any CPU
		{87D715EF-662D-4EC5-8155-C9899CB9E9D9}.Release|Any CPU.Build.0 = Release|Any CPU
		{D096B359-061E-4F1C-B5EE-7AD92F3E5DFF}.Debug|Any CPU.ActiveCfg = Debug|Any CPU
		{D096B359-061E-4F1C-B5EE-7AD92F3E5DFF}.Debug|Any CPU.Build.0 = Debug|Any CPU
		{D096B359-061E-4F1C-B5EE-7AD92F3E5DFF}.Release|Any CPU.ActiveCfg = Release|Any CPU
		{D096B359-061E-4F1C-B5EE-7AD92F3E5DFF}.Release|Any CPU.Build.0 = Release|Any CPU
	EndGlobalSection
	GlobalSection(NestedProjects) = preSolution
		{6A9440FB-DEA0-42E3-BED7-E10B45D0D767} = {B8433EEF-29BA-4D5D-AE92-A2F8DBDF887E}
		{6A8928FA-CE00-4107-A612-9E0C684D098B} = {AC0DBB60-24B8-42B2-813C-AB6EA0F07514}
		{294DD115-4314-4375-8466-6D15C5405B93} = {B8433EEF-29BA-4D5D-AE92-A2F8DBDF887E}
		{87D715EF-662D-4EC5-8155-C9899CB9E9D9} = {AC0DBB60-24B8-42B2-813C-AB6EA0F07514}
		{D096B359-061E-4F1C-B5EE-7AD92F3E5DFF} = {AC0DBB60-24B8-42B2-813C-AB6EA0F07514}
	EndGlobalSection
EndGlobal
